SITE
  remote: http://community.opscode.com/api/v1
  specs:
    apache2 (1.9.6)
      iptables (>= 0.0.0)
      logrotate (>= 0.0.0)
      pacman (>= 0.0.0)
    apt (2.3.8)
    ark (0.7.0)
    build-essential (2.0.0)
    chef_handler (1.1.5)
    composer (0.0.7)
    dmg (2.2.0)
    git (4.0.0)
      build-essential (>= 0.0.0)
      dmg (>= 0.0.0)
      runit (>= 1.0.0)
      windows (>= 0.0.0)
      yum (~> 3.0)
      yum-epel (>= 0.0.0)
    iis (2.1.0)
      windows (>= 1.2.6)
    iptables (0.13.0)
    java (1.22.0)
    logrotate (1.5.0)
    maven (1.1.0)
      ark (~> 0.4)
      java (~> 1.13)
    memcached (1.7.2)
      runit (~> 1.0)
      yum (~> 3.0)
      yum-epel (>= 0.0.0)
    mongodb (0.13.7)
      apt (>= 1.8.2)
      python (>= 0.0.0)
      runit (>= 1.1.6)
      yum (>= 0.0.0)
    mysql (3.0.4)
      build-essential (> 1.1.0)
      openssl (>= 0.0.0)
    nodejs (1.3.0)
      apt (>= 0.0.0)
      build-essential (>= 0.0.0)
      yum (>= 0.0.0)
    openssl (1.1.0)
    pacman (1.1.1)
    php (1.4.6)
      build-essential (>= 0.0.0)
      iis (>= 0.0.0)
      mysql (>= 0.0.0)
      windows (>= 0.0.0)
      xml (>= 0.0.0)
      yum-epel (>= 0.0.0)
    python (1.4.6)
      build-essential (>= 0.0.0)
      yum-epel (>= 0.0.0)
    rubygems (0.3.0)
    runit (1.5.10)
      build-essential (>= 0.0.0)
      yum (~> 3.0)
      yum-epel (>= 0.0.0)
    rvm (0.0.4)
      apt (>= 0)
      build-essential (>= 0)
    simple_iptables (0.6.0)
    windows (1.30.0)
      chef_handler (>= 0.0.0)
    xml (1.2.2)
      build-essential (>= 0.0.0)
    yum (3.1.4)
    yum-epel (0.3.4)
      yum (~> 3.0)

GIT
  remote: https://github.com/msonnabaum/chef-drush
  ref: master
  sha: 5f773234016eef9164ce17844724ce2fe08b7073
  specs:
    drush (0.10.0)
      php (>= 0.99.0)

PATH
  remote: dev-cookbooks/webapp
  specs:
    webapp (0.1.0)

DEPENDENCIES
  apache2 (>= 0)
  apt (>= 0)
  build-essential (>= 0)
  composer (>= 0)
  drush (>= 0)
  git (>= 0)
  java (>= 0)
  maven (>= 0)
  maven (>= 0)
  memcached (>= 0)
  mongodb (>= 0)
  mysql (>= 0)
  nodejs (>= 0)
  php (>= 0)
  rubygems (>= 0)
  rvm (>= 0)
  simple_iptables (>= 0)
  webapp (>= 0)

